
Microsoft Visual Studio Solution File, Format Version 12.00
# Visual Studio 2013
VisualStudioVersion = 12.0.21005.1
MinimumVisualStudioVersion = 10.0.40219.1
Project("{FAE04EC0-301F-11D3-BF4B-00C04F79EFBC}") = "LendoXML", "LendoXML\LendoXML.csproj", "{DC197EB6-DE93-4B88-BE2B-DC32C7CA9894}"
EndProject
Project("{FAE04EC0-301F-11D3-BF4B-00C04F79EFBC}") = "LendoDI", "LendoDI\LendoDI.csproj", "{E2243C4D-236B-43BD-A2DD-733275069120}"
EndProject
Global
	GlobalSection(TeamFoundationVersionControl) = preSolution
		SccNumberOfProjects = 3
		SccEnterpriseProvider = {4CA58AB2-18FA-4F8D-95D4-32DDF27D184C}
		SccTeamFoundationServer = http://wchltfs01:8080/tfs/eep
		SccLocalPath0 = .
		SccProjectUniqueName1 = LendoXML\\LendoXML.csproj
		SccProjectName1 = LendoXML
		SccLocalPath1 = LendoXML
		SccProjectUniqueName2 = LendoDI\\LendoDI.csproj
		SccProjectName2 = LendoDI
		SccLocalPath2 = LendoDI
	EndGlobalSection
	GlobalSection(SolutionConfigurationPlatforms) = preSolution
		Debug|Any CPU = Debug|Any CPU
		Release|Any CPU = Release|Any CPU
	EndGlobalSection
	GlobalSection(ProjectConfigurationPlatforms) = postSolution
		{DC197EB6-DE93-4B88-BE2B-DC32C7CA9894}.Debug|Any CPU.ActiveCfg = Debug|Any CPU
		{DC197EB6-DE93-4B88-BE2B-DC32C7CA9894}.Debug|Any CPU.Build.0 = Debug|Any CPU
		{DC197EB6-DE93-4B88-BE2B-DC32C7CA9894}.Release|Any CPU.ActiveCfg = Release|Any CPU
		{DC197EB6-DE93-4B88-BE2B-DC32C7CA9894}.Release|Any CPU.Build.0 = Release|Any CPU
		{E2243C4D-236B-43BD-A2DD-733275069120}.Debug|Any CPU.ActiveCfg = Debug|Any CPU
		{E2243C4D-236B-43BD-A2DD-733275069120}.Debug|Any CPU.Build.0 = Debug|Any CPU
		{E2243C4D-236B-43BD-A2DD-733275069120}.Release|Any CPU.ActiveCfg = Release|Any CPU
		{E2243C4D-236B-43BD-A2DD-733275069120}.Release|Any CPU.Build.0 = Release|Any CPU
	EndGlobalSection
	GlobalSection(SolutionProperties) = preSolution
		HideSolutionNode = FALSE
	EndGlobalSection
EndGlobal
