
Microsoft Visual Studio Solution File, Format Version 12.00
# Visual Studio 2013
VisualStudioVersion = 12.0.21005.1
MinimumVisualStudioVersion = 10.0.40219.1
Project("{FAE04EC0-301F-11D3-BF4B-00C04F79EFBC}") = "WebServiceSeizo", "WebServiceSeizo\WebServiceSeizo.csproj", "{B89F9A3D-E6D6-433F-9A57-C0B8E94DD2DB}"
EndProject
Global
	GlobalSection(TeamFoundationVersionControl) = preSolution
		SccNumberOfProjects = 2
		SccEnterpriseProvider = {4CA58AB2-18FA-4F8D-95D4-32DDF27D184C}
		SccTeamFoundationServer = http://wchltfs01:8080/tfs/eep
		SccLocalPath0 = .
		SccProjectUniqueName1 = WebServiceSeizo\\WebServiceSeizo.csproj
		SccProjectName1 = WebServiceSeizo
		SccLocalPath1 = WebServiceSeizo
	EndGlobalSection
	GlobalSection(SolutionConfigurationPlatforms) = preSolution
		Debug|Any CPU = Debug|Any CPU
		Release|Any CPU = Release|Any CPU
	EndGlobalSection
	GlobalSection(ProjectConfigurationPlatforms) = postSolution
		{B89F9A3D-E6D6-433F-9A57-C0B8E94DD2DB}.Debug|Any CPU.ActiveCfg = Debug|Any CPU
		{B89F9A3D-E6D6-433F-9A57-C0B8E94DD2DB}.Debug|Any CPU.Build.0 = Debug|Any CPU
		{B89F9A3D-E6D6-433F-9A57-C0B8E94DD2DB}.Release|Any CPU.ActiveCfg = Release|Any CPU
		{B89F9A3D-E6D6-433F-9A57-C0B8E94DD2DB}.Release|Any CPU.Build.0 = Release|Any CPU
	EndGlobalSection
	GlobalSection(SolutionProperties) = preSolution
		HideSolutionNode = FALSE
	EndGlobalSection
EndGlobal
