
Microsoft Visual Studio Solution File, Format Version 12.00
# Visual Studio 2012
Project("{E24C65DC-7377-472B-9ABA-BC803B73C61A}") = "WebSite(2)", "http://localhost:56510", "{743EC004-9365-49E7-A51C-7FC4D15012A6}"
	ProjectSection(WebsiteProperties) = preProject
		SccProjectName = "SAK"
		SccAuxPath = "SAK"
		SccLocalPath = "SAK"
		SccProvider = "SAK"
		UseIISExpress = "true"
		TargetFrameworkMoniker = ".NETFramework,Version%3Dv4.0"
		ProjectReferences = "{fdcd1041-565d-44b0-b655-7ad584585187}|NEG.dll;{15AB61CF-CE09-4D88-B563-DF907B0FEF3D}|DAL.dll;{50A222D6-53CA-4F1B-95FE-A42849A22F1E}|MOD.dll;"
		Debug.AspNetCompiler.VirtualPath = "/localhost_56510"
		Debug.AspNetCompiler.PhysicalPath = "WebSite\"
		Debug.AspNetCompiler.TargetPath = "PrecompiledWeb\localhost_56510\"
		Debug.AspNetCompiler.Updateable = "true"
		Debug.AspNetCompiler.ForceOverwrite = "true"
		Debug.AspNetCompiler.FixedNames = "false"
		Debug.AspNetCompiler.Debug = "True"
		Release.AspNetCompiler.VirtualPath = "/localhost_56510"
		Release.AspNetCompiler.PhysicalPath = "WebSite\"
		Release.AspNetCompiler.TargetPath = "PrecompiledWeb\localhost_56510\"
		Release.AspNetCompiler.Updateable = "true"
		Release.AspNetCompiler.ForceOverwrite = "true"
		Release.AspNetCompiler.FixedNames = "false"
		Release.AspNetCompiler.Debug = "False"
		SlnRelativePath = "WebSite\"
		DefaultWebSiteLanguage = "Visual C#"
	EndProjectSection
EndProject
Project("{FAE04EC0-301F-11D3-BF4B-00C04F79EFBC}") = "DAL", "DAL\DAL.csproj", "{15AB61CF-CE09-4D88-B563-DF907B0FEF3D}"
EndProject
Project("{FAE04EC0-301F-11D3-BF4B-00C04F79EFBC}") = "NEG", "NEG\NEG.csproj", "{FDCD1041-565D-44B0-B655-7AD584585187}"
EndProject
Project("{FAE04EC0-301F-11D3-BF4B-00C04F79EFBC}") = "MOD", "MOD\MOD.csproj", "{50A222D6-53CA-4F1B-95FE-A42849A22F1E}"
EndProject
Global
	GlobalSection(TeamFoundationVersionControl) = preSolution
		SccNumberOfProjects = 5
		SccEnterpriseProvider = {4CA58AB2-18FA-4F8D-95D4-32DDF27D184C}
		SccTeamFoundationServer = http://wchltfs01:8080/tfs/eep
		SccLocalPath0 = .
		SccProjectUniqueName1 = DAL\\DAL.csproj
		SccProjectName1 = DAL
		SccLocalPath1 = DAL
		SccProjectUniqueName2 = MOD\\MOD.csproj
		SccProjectName2 = MOD
		SccLocalPath2 = MOD
		SccProjectUniqueName3 = NEG\\NEG.csproj
		SccProjectName3 = NEG
		SccLocalPath3 = NEG
		SccWebProject4 = true
		SccProjectUniqueName4 = http://localhost:56510
		SccProjectName4 = WebSite
		SccLocalPath4 = WebSite
		SccProjectEnlistmentChoice4 = 2
	EndGlobalSection
	GlobalSection(SolutionConfigurationPlatforms) = preSolution
		Debug|Any CPU = Debug|Any CPU
		Release|Any CPU = Release|Any CPU
	EndGlobalSection
	GlobalSection(ProjectConfigurationPlatforms) = postSolution
		{743EC004-9365-49E7-A51C-7FC4D15012A6}.Debug|Any CPU.ActiveCfg = Debug|Any CPU
		{743EC004-9365-49E7-A51C-7FC4D15012A6}.Debug|Any CPU.Build.0 = Debug|Any CPU
		{743EC004-9365-49E7-A51C-7FC4D15012A6}.Release|Any CPU.ActiveCfg = Debug|Any CPU
		{743EC004-9365-49E7-A51C-7FC4D15012A6}.Release|Any CPU.Build.0 = Debug|Any CPU
		{15AB61CF-CE09-4D88-B563-DF907B0FEF3D}.Debug|Any CPU.ActiveCfg = Debug|Any CPU
		{15AB61CF-CE09-4D88-B563-DF907B0FEF3D}.Debug|Any CPU.Build.0 = Debug|Any CPU
		{15AB61CF-CE09-4D88-B563-DF907B0FEF3D}.Release|Any CPU.ActiveCfg = Release|Any CPU
		{15AB61CF-CE09-4D88-B563-DF907B0FEF3D}.Release|Any CPU.Build.0 = Release|Any CPU
		{FDCD1041-565D-44B0-B655-7AD584585187}.Debug|Any CPU.ActiveCfg = Debug|Any CPU
		{FDCD1041-565D-44B0-B655-7AD584585187}.Debug|Any CPU.Build.0 = Debug|Any CPU
		{FDCD1041-565D-44B0-B655-7AD584585187}.Release|Any CPU.ActiveCfg = Release|Any CPU
		{FDCD1041-565D-44B0-B655-7AD584585187}.Release|Any CPU.Build.0 = Release|Any CPU
		{50A222D6-53CA-4F1B-95FE-A42849A22F1E}.Debug|Any CPU.ActiveCfg = Debug|Any CPU
		{50A222D6-53CA-4F1B-95FE-A42849A22F1E}.Debug|Any CPU.Build.0 = Debug|Any CPU
		{50A222D6-53CA-4F1B-95FE-A42849A22F1E}.Release|Any CPU.ActiveCfg = Release|Any CPU
		{50A222D6-53CA-4F1B-95FE-A42849A22F1E}.Release|Any CPU.Build.0 = Release|Any CPU
	EndGlobalSection
	GlobalSection(SolutionProperties) = preSolution
		HideSolutionNode = FALSE
	EndGlobalSection
EndGlobal
