
Microsoft Visual Studio Solution File, Format Version 12.00
# Visual Studio Version 16
VisualStudioVersion = 16.0.29102.190
MinimumVisualStudioVersion = 10.0.40219.1
Project("{FAE04EC0-301F-11D3-BF4B-00C04F79EFBC}") = "SiscomexEnseada", "SiscomexEnseada\SiscomexEnseada.csproj", "{C1DCF81A-19D1-4D7F-AF5F-730C69CD2B6D}"
EndProject
Project("{FAE04EC0-301F-11D3-BF4B-00C04F79EFBC}") = "DAL", "DAL\DAL.csproj", "{839D330D-2FE2-44FB-9EAA-6AB4AF6E33B8}"
EndProject
Global
	GlobalSection(SolutionConfigurationPlatforms) = preSolution
		Debug|Any CPU = Debug|Any CPU
		Release|Any CPU = Release|Any CPU
	EndGlobalSection
	GlobalSection(ProjectConfigurationPlatforms) = postSolution
		{C1DCF81A-19D1-4D7F-AF5F-730C69CD2B6D}.Debug|Any CPU.ActiveCfg = Debug|Any CPU
		{C1DCF81A-19D1-4D7F-AF5F-730C69CD2B6D}.Debug|Any CPU.Build.0 = Debug|Any CPU
		{C1DCF81A-19D1-4D7F-AF5F-730C69CD2B6D}.Release|Any CPU.ActiveCfg = Release|Any CPU
		{C1DCF81A-19D1-4D7F-AF5F-730C69CD2B6D}.Release|Any CPU.Build.0 = Release|Any CPU
		{839D330D-2FE2-44FB-9EAA-6AB4AF6E33B8}.Debug|Any CPU.ActiveCfg = Debug|Any CPU
		{839D330D-2FE2-44FB-9EAA-6AB4AF6E33B8}.Debug|Any CPU.Build.0 = Debug|Any CPU
		{839D330D-2FE2-44FB-9EAA-6AB4AF6E33B8}.Release|Any CPU.ActiveCfg = Release|Any CPU
		{839D330D-2FE2-44FB-9EAA-6AB4AF6E33B8}.Release|Any CPU.Build.0 = Release|Any CPU
	EndGlobalSection
	GlobalSection(SolutionProperties) = preSolution
		HideSolutionNode = FALSE
	EndGlobalSection
	GlobalSection(ExtensibilityGlobals) = postSolution
		SolutionGuid = {FEE49D3B-465B-4246-80FF-6ACE03600D96}
	EndGlobalSection
	GlobalSection(TeamFoundationVersionControl) = preSolution
		SccNumberOfProjects = 3
		SccEnterpriseProvider = {4CA58AB2-18FA-4F8D-95D4-32DDF27D184C}
		SccTeamFoundationServer = http://wchltfs01:8080/tfs/eep
		SccLocalPath0 = .
		SccProjectUniqueName1 = DAL\\DAL.csproj
		SccProjectName1 = DAL
		SccLocalPath1 = DAL
		SccProjectUniqueName2 = SiscomexEnseada\\SiscomexEnseada.csproj
		SccProjectName2 = SiscomexEnseada
		SccLocalPath2 = SiscomexEnseada
	EndGlobalSection
EndGlobal
